
Microsoft Visual Studio Solution File, Format Version 12.00
# Visual Studio Version 17
VisualStudioVersion = 17.8.34525.116
MinimumVisualStudioVersion = 10.0.40219.1
Project("{FAE04EC0-301F-11D3-BF4B-00C04F79EFBC}") = "RODatabaseTranslator", "RODatabaseTranslator\RODatabaseTranslator.csproj", "{52C17D42-7978-47A4-A567-C20BBF481BCE}"
EndProject
Global
	GlobalSection(SolutionConfigurationPlatforms) = preSolution
		Release|Any CPU = Release|Any CPU
	EndGlobalSection
	GlobalSection(ProjectConfigurationPlatforms) = postSolution
		{52C17D42-7978-47A4-A567-C20BBF481BCE}.Release|Any CPU.ActiveCfg = Release|Any CPU
		{52C17D42-7978-47A4-A567-C20BBF481BCE}.Release|Any CPU.Build.0 = Release|Any CPU
	EndGlobalSection
	GlobalSection(SolutionProperties) = preSolution
		HideSolutionNode = FALSE
	EndGlobalSection
	GlobalSection(ExtensibilityGlobals) = postSolution
		SolutionGuid = {C936D337-53F7-413A-AFF3-49BE78A4C815}
	EndGlobalSection
EndGlobal
